<Solution>
  <Configurations>
    <Platform Name="x64" />
  </Configurations>
  <Folder Name="/Tests/">
    <Project Path="src/Graphing.TestHarness/Graphing.TestHarness.csproj" Id="080b331c-5cf1-40f8-8a5f-b6494fc6a4dd">
      <Platform Project="x64" />
      <Build Solution="Release|*" Project="false" />
    </Project>
    <Project Path="src/Graphing.Tests/Graphing.Tests.csproj">
      <Platform Project="x64" />
    </Project>
  </Folder>
  <Folder Name="/UnitRegistry/">
    <Project Path="submodules/UnitRegistry/src/UnitRegistry.Core/UnitRegistry.Core.csproj">
      <Platform Project="x64" />
    </Project>
    <Project Path="submodules/UnitRegistry/src/UnitRegistry.Formatting/UnitRegistry.Formatting.csproj">
      <Platform Project="x64" />
    </Project>
  </Folder>
  <Project Path="src/Graphing.Controls/Graphing.Controls.csproj">
    <Platform Project="x64" />
  </Project>
</Solution>
