<Solution>
  <Configurations>
    <Platform Name="x64" />
  </Configurations>
  <Folder Name="/3rdParty/">
    <Project Path="../wpf-app-framework/src/Dev.Core/Dev.Core.csproj" />
    <Project Path="../wpf-app-framework/src/Dev.Wpf/Dev.Wpf.csproj" />
  </Folder>
  <Folder Name="/Tests/">
    <Project Path="src/Graphing.Core.Tests/Graphing.Core.Tests.csproj">
      <Platform Project="x64" />
    </Project>
    <Project Path="src/Graphing.TestHarness/Graphing.TestHarness.csproj" Id="080b331c-5cf1-40f8-8a5f-b6494fc6a4dd">
      <Platform Project="x64" />
    </Project>
    <Project Path="src/Graphing.Tests/Graphing.Tests.csproj">
      <Platform Project="x64" />
    </Project>
    <Project Path="src/Graphing.TestScenarios/Graphing.TestScenarios.csproj" Id="428c47f3-2cec-4aad-9eef-9c03a2103c4f">
      <Platform Project="x64" />
    </Project>
  </Folder>
  <Folder Name="/UnitRegistry/">
    <Project Path="../UnitRegistry/src/UnitRegistry.Core/UnitRegistry.Core.csproj">
      <Platform Project="x64" />
    </Project>
    <Project Path="../UnitRegistry/src/UnitRegistry.Formatting/UnitRegistry.Formatting.csproj">
      <Platform Project="x64" />
    </Project>
  </Folder>
  <Folder Name="/WinForms/">
    <Project Path="src/Graphing.Controls.WinForms/Graphing.Controls.WinForms.csproj">
      <Platform Project="x64" />
    </Project>
    <Project Path="src/Graphing.Editors.WinForms/Graphing.Editors.WinForms.csproj">
      <Platform Project="x64" />
    </Project>
  </Folder>
  <Folder Name="/WPF/">
    <Project Path="src/Graphing.Controls.WPF/Graphing.Controls.WPF.csproj">
      <Platform Project="x64" />
    </Project>
    <Project Path="src/Graphing.TestHarness.WPF.Core/Graphing.TestHarness.WPF.Core.csproj">
      <Platform Project="x64" />
    </Project>
    <Project Path="src/Graphing.TestHarness.WPF/Graphing.TestHarness.WPF.csproj">
      <Platform Project="x64" />
    </Project>
    <Project Path="src/Graphing.TestHarness.WPF.Pie/Graphing.TestHarness.WPF.Pie.csproj">
      <Platform Project="x64" />
    </Project>
  </Folder>
  <Project Path="src/Graphing.Controls/Graphing.Controls.csproj">
    <Platform Project="x64" />
  </Project>
  <Project Path="src/Graphing.Core/Graphing.Core.csproj">
    <Platform Project="x64" />
  </Project>
  <Project Path="src/Graphing.Core.Pie/Graphing.Core.Pie.csproj">
    <Platform Project="x64" />
  </Project>
</Solution>
